{
    "_meta": {
        "hash": {
            "sha256": "a13e6914e2a0d7378fb79ae9c571e4012bcec29083dd2acda5d4c58e1e9ee0d2"
        },
        "pipfile-spec": 6,
        "requires": {
            "python_version": "3.8"
        },
        "sources": [
            {
                "name": "pypi",
                "url": "https://pypi.org/simple",
                "verify_ssl": true
            }
        ]
    },
    "default": {
        "attrs": {
            "hashes": [
                "sha256:2d27e3784d7a565d36ab851fe94887c5eccd6a463168875832a1be79c82828b4",
                "sha256:626ba8234211db98e869df76230a137c4c40a12d72445c45d5f5b716f076e2fd"
            ],
            "markers": "python_version >= '2.7' and python_version not in '3.0, 3.1, 3.2, 3.3, 3.4'",
            "version": "==21.4.0"
        },
        "certifi": {
            "hashes": [
                "sha256:78884e7c1d4b00ce3cea67b44566851c4343c120abd683433ce934a68ea58872",
                "sha256:d62a0163eb4c2344ac042ab2bdf75399a71a2d8c7d47eac2e2ee91b9d6339569"
            ],
            "version": "==2021.10.8"
        },
        "click": {
            "hashes": [
                "sha256:d2b5255c7c6349bc1bd1e59e08cd12acbbd63ce649f2588755783aa94dfb6b1a",
                "sha256:dacca89f4bfadd5de3d7489b7c8a566eee0d3676333fbb50030263894c38c0dc"
            ],
            "markers": "python_version >= '2.7' and python_version not in '3.0, 3.1, 3.2, 3.3, 3.4'",
            "version": "==7.1.2"
        },
        "click-plugins": {
            "hashes": [
                "sha256:46ab999744a9d831159c3411bb0c79346d94a444df9a3a3742e9ed63645f264b",
                "sha256:5d262006d3222f5057fd81e1623d4443e41dcda5dc815c06b442aa3c02889fc8"
            ],
            "version": "==1.1.1"
        },
        "cligj": {
            "hashes": [
                "sha256:a4bc13d623356b373c2c27c53dbd9c68cae5d526270bfa71f6c6fa69669c6b27",
                "sha256:c1ca117dbce1fe20a5809dc96f01e1c2840f6dcc939b3ddbb1111bf330ba82df"
            ],
            "markers": "python_version >= '2.7' and python_version not in '3.0, 3.1, 3.2, 3.3' and python_version < '4'",
            "version": "==0.7.2"
        },
        "cycler": {
            "hashes": [
                "sha256:3a27e95f763a428a739d2add979fa7494c912a32c17c4c38c4d5f082cad165a3",
                "sha256:9c87405839a19696e837b3b818fed3f5f69f16f1eec1a1ad77e043dcea9c772f"
            ],
            "markers": "python_version >= '3.6'",
            "version": "==0.11.0"
        },
        "descartes": {
            "hashes": [
                "sha256:135a502146af5ed6ff359975e2ebc5fa4b71b5432c355c2cafdc6dea1337035b",
                "sha256:4c62dc41109689d03e4b35de0a2bcbdeeb81047badc607c4415d5c753bd683af",
                "sha256:b7e412e7e6e294412f1d0f661f187babc970088c2456089e6801eebb043c2e1b"
            ],
            "index": "pypi",
            "version": "==1.1.0"
        },
        "fiona": {
            "hashes": [
                "sha256:1a432bf9fd56f089256c010da009c90d4a795c531a848132c965052185336600",
                "sha256:1c9c6e883e82298293042f7b7f51a5680f50d5a3bb1a61ad179b2d5f7f4d6952",
                "sha256:3c236a8f9ddfc23ac746f4988526cbed73b43f8f86613a0001c62feb415daadc",
                "sha256:6d30d755e9041a3380d85c1b2e09003f657c03a749fb02a3d36b191296f57f5d",
                "sha256:6d6200a64f0f6fad431a767dd2da62706bf9f683be77bb157b6d0459bb263b7f",
                "sha256:7598ed3ce7a88941a2eab5ffa90b39f8f44113355c39abcbda6920eecdba26b4",
                "sha256:781d29c21714da4c1c0f118b56bef936a1a935fead8878c22ab57a0d3875e412",
                "sha256:79c3b80e00c9d055d20aead5d74319f54cdd1384e0d9e1a9e67446da2d74d89c",
                "sha256:923a64bded457adee795b4f926b8cbb87d58bbafaabded77bc1d47abb2bba5c6",
                "sha256:b8ad562b77c76dbff5a9298e1032c87714f079fc80752ca7c9c85edef52039aa",
                "sha256:c6e99bf596c2322e134833490611a612a8cce35a39c4c6499b7df919e24b482b"
            ],
            "index": "pypi",
            "version": "==1.8.13.post1"
        },
        "geopandas": {
            "hashes": [
                "sha256:e28a729e44ac53c1891b54b1aca60e3bc0bb9e88ad0f2be8e301a03b9510f6e2",
                "sha256:ef90a7f5ce9337f412c1dab9e014b4076b639fb7fc0edcf8b57c252c91a096c4"
            ],
            "index": "pypi",
            "version": "==0.8.1"
        },
        "kiwisolver": {
            "hashes": [
                "sha256:0007840186bacfaa0aba4466d5890334ea5938e0bb7e28078a0eb0e63b5b59d5",
                "sha256:19554bd8d54cf41139f376753af1a644b63c9ca93f8f72009d50a2080f870f77",
                "sha256:1d45d1c74f88b9f41062716c727f78f2a59a5476ecbe74956fafb423c5c87a76",
                "sha256:1d819553730d3c2724582124aee8a03c846ec4362ded1034c16fb3ef309264e6",
                "sha256:2210f28778c7d2ee13f3c2a20a3a22db889e75f4ec13a21072eabb5693801e84",
                "sha256:22521219ca739654a296eea6d4367703558fba16f98688bd8ce65abff36eaa84",
                "sha256:25405f88a37c5f5bcba01c6e350086d65e7465fd1caaf986333d2a045045a223",
                "sha256:2b65bd35f3e06a47b5c30ea99e0c2b88f72c6476eedaf8cfbc8e66adb5479dcf",
                "sha256:2ddb500a2808c100e72c075cbb00bf32e62763c82b6a882d403f01a119e3f402",
                "sha256:2f8f6c8f4f1cff93ca5058d6ec5f0efda922ecb3f4c5fb76181f327decff98b8",
                "sha256:30fa008c172355c7768159983a7270cb23838c4d7db73d6c0f6b60dde0d432c6",
                "sha256:3dbb3cea20b4af4f49f84cffaf45dd5f88e8594d18568e0225e6ad9dec0e7967",
                "sha256:4116ba9a58109ed5e4cb315bdcbff9838f3159d099ba5259c7c7fb77f8537492",
                "sha256:44e6adf67577dbdfa2d9f06db9fbc5639afefdb5bf2b4dfec25c3a7fbc619536",
                "sha256:5326ddfacbe51abf9469fe668944bc2e399181a2158cb5d45e1d40856b2a0589",
                "sha256:70adc3658138bc77a36ce769f5f183169bc0a2906a4f61f09673f7181255ac9b",
                "sha256:72be6ebb4e92520b9726d7146bc9c9b277513a57a38efcf66db0620aec0097e0",
                "sha256:7843b1624d6ccca403a610d1277f7c28ad184c5aa88a1750c1a999754e65b439",
                "sha256:7ba5a1041480c6e0a8b11a9544d53562abc2d19220bfa14133e0cdd9967e97af",
                "sha256:80efd202108c3a4150e042b269f7c78643420cc232a0a771743bb96b742f838f",
                "sha256:82f49c5a79d3839bc8f38cb5f4bfc87e15f04cbafa5fbd12fb32c941cb529cfb",
                "sha256:83d2c9db5dfc537d0171e32de160461230eb14663299b7e6d18ca6dca21e4977",
                "sha256:8d93a1095f83e908fc253f2fb569c2711414c0bfd451cab580466465b235b470",
                "sha256:8dc3d842fa41a33fe83d9f5c66c0cc1f28756530cd89944b63b072281e852031",
                "sha256:9661a04ca3c950a8ac8c47f53cbc0b530bce1b52f516a1e87b7736fec24bfff0",
                "sha256:a498bcd005e8a3fedd0022bb30ee0ad92728154a8798b703f394484452550507",
                "sha256:a7a4cf5bbdc861987a7745aed7a536c6405256853c94abc9f3287c3fa401b174",
                "sha256:b5074fb09429f2b7bc82b6fb4be8645dcbac14e592128beeff5461dcde0af09f",
                "sha256:b6a5431940f28b6de123de42f0eb47b84a073ee3c3345dc109ad550a3307dd28",
                "sha256:ba677bcaff9429fd1bf01648ad0901cea56c0d068df383d5f5856d88221fe75b",
                "sha256:bcadb05c3d4794eb9eee1dddf1c24215c92fb7b55a80beae7a60530a91060560",
                "sha256:bf7eb45d14fc036514c09554bf983f2a72323254912ed0c3c8e697b62c4c158f",
                "sha256:c358721aebd40c243894298f685a19eb0491a5c3e0b923b9f887ef1193ddf829",
                "sha256:c4550a359c5157aaf8507e6820d98682872b9100ce7607f8aa070b4b8af6c298",
                "sha256:c6572c2dab23c86a14e82c245473d45b4c515314f1f859e92608dcafbd2f19b8",
                "sha256:cba430db673c29376135e695c6e2501c44c256a81495da849e85d1793ee975ad",
                "sha256:dedc71c8eb9c5096037766390172c34fb86ef048b8e8958b4e484b9e505d66bc",
                "sha256:e6f5eb2f53fac7d408a45fbcdeda7224b1cfff64919d0f95473420a931347ae9",
                "sha256:ec2eba188c1906b05b9b49ae55aae4efd8150c61ba450e6721f64620c50b59eb",
                "sha256:ee040a7de8d295dbd261ef2d6d3192f13e2b08ec4a954de34a6fb8ff6422e24c",
                "sha256:eedd3b59190885d1ebdf6c5e0ca56828beb1949b4dfe6e5d0256a461429ac386",
                "sha256:f441422bb313ab25de7b3dbfd388e790eceb76ce01a18199ec4944b369017009",
                "sha256:f8eb7b6716f5b50e9c06207a14172cf2de201e41912ebe732846c02c830455b9",
                "sha256:fc4453705b81d03568d5b808ad8f09c77c47534f6ac2e72e733f9ca4714aa75c"
            ],
            "markers": "python_version >= '3.7'",
            "version": "==1.3.2"
        },
        "matplotlib": {
            "hashes": [
                "sha256:09b4096748178bcc764b81587b00ab720eac24965d2bf44ecbe09dcf4e8ed253",
                "sha256:19cf4db0272da286863a50406f6430101af129f288c421b1a7f33ddfc8d0180f",
                "sha256:244a9088140a4c540e0a2db9c8ada5ad12520efded592a46e5bc43ff8f0fd0aa",
                "sha256:24e8db94948019d531ce0bcd637ac24b1c8f6744ac86d2aa0eb6dbaeb1386f82",
                "sha256:2a9d10930406748b50f60c5fa74c399a1c1080aa6ce6e3fe5f38473b02f6f06d",
                "sha256:605e4d43b421524ad955a56535391e02866d07bce27c644e2c99e25fb59d63d1",
                "sha256:695b4165520bdfe381d15a6db03778babb265fee7affdc43e169a881f3f329bc",
                "sha256:6aa7ea00ad7d898704ffed46e83efd7ec985beba57f507c957979f080678b9ea",
                "sha256:7c9adba58a67d23cc131c4189da56cb1d0f18a237c43188d831a44e4fc5df15a",
                "sha256:7ce8f5364c74aac06abad84d8744d659bd86036e86c4ebf14c75ae4292597b46",
                "sha256:855bb281f3cc8e23ef66064a2beb229674fdf785638091fc82a172e3e84c2780",
                "sha256:9ccc651261b7044ffc3b1e2f9af17b1ef4c6a12fc080b5a7353ef0b53a50be28",
                "sha256:b0786ac32983191fcd9cc0230b4ec2f8b3c25dee9beca46ca506c5d6cc5c593d",
                "sha256:bf8d527a2eb9a5db1c9e5e405d1b1c4e66be983620c9ce80af6aae430d9a0c9c",
                "sha256:c06ea133b44805d42f2507cb3503f6647b0c7918f1900b5063f5a8a69c63f6d2",
                "sha256:c1f850908600efa60f81ad14eedbaf7cb17185a2c6d26586ae826ae5ce21f6e0",
                "sha256:cef05e9a2302f96d6f0666ee70ac7715cbc12e3802d8b8eb80bacd6ab81a0a24",
                "sha256:e3868686f3023644523df486fc224b0af4349f3cdb933b0a71f261a574d7b65f",
                "sha256:ebb6168c9330309b1f3360d36c481d8cd621a490cf2a69c9d6625b2a76777c12",
                "sha256:f74c39621b03cec7bc08498f140192ac26ca940ef20beac6dfad3714d2298b2a",
                "sha256:f9753c6292d5a1fe46828feb38d1de1820e3ea109a5fea0b6ea1dca6e9d0b220"
            ],
            "index": "pypi",
            "version": "==3.3.0"
        },
        "munch": {
            "hashes": [
                "sha256:2d735f6f24d4dba3417fa448cae40c6e896ec1fdab6cdb5e6510999758a4dbd2",
                "sha256:6f44af89a2ce4ed04ff8de41f70b226b984db10a91dcc7b9ac2efc1c77022fdd"
            ],
            "version": "==2.5.0"
        },
        "numpy": {
            "hashes": [
                "sha256:03ae5850619abb34a879d5f2d4bb4dcd025d6d8fb72f5e461dae84edccfe129f",
                "sha256:076aee5a3763d41da6bef9565fdf3cb987606f567cd8b104aded2b38b7b47abf",
                "sha256:0b536b6840e84c1c6a410f3a5aa727821e6108f3454d81a5cd5900999ef04f89",
                "sha256:15efb7b93806d438e3bc590ca8ef2f953b0ce4f86f337ef4559d31ec6cf9d7dd",
                "sha256:168259b1b184aa83a514f307352c25c56af111c269ffc109d9704e81f72e764b",
                "sha256:2638389562bda1635b564490d76713695ff497242a83d9b684d27bb4a6cc9d7a",
                "sha256:3556c5550de40027d3121ebbb170f61bbe19eb639c7ad0c7b482cd9b560cd23b",
                "sha256:4a176959b6e7e00b5a0d6f549a479f869829bfd8150282c590deee6d099bbb6e",
                "sha256:515a8b6edbb904594685da6e176ac9fbea8f73a5ebae947281de6613e27f1956",
                "sha256:55535c7c2f61e2b2fc817c5cbe1af7cb907c7f011e46ae0a52caa4be1f19afe2",
                "sha256:59153979d60f5bfe9e4c00e401e24dfe0469ef8da6d68247439d3278f30a180f",
                "sha256:60cb8e5933193a3cc2912ee29ca331e9c15b2da034f76159b7abc520b3d1233a",
                "sha256:6767ad399e9327bfdbaa40871be4254d1995f4a3ca3806127f10cec778bd9896",
                "sha256:76a4f9bce0278becc2da7da3b8ef854bed41a991f4226911a24a9711baad672c",
                "sha256:8cf33634b60c9cef346663a222d9841d3bbbc0a2f00221d6bcfd0d993d5543f6",
                "sha256:94dd11d9f13ea1be17bac39c1942f527cbf7065f94953cf62dfe805653da2f8f",
                "sha256:aafa46b5a39a27aca566198d3312fb3bde95ce9677085efd02c86f7ef6be4ec7",
                "sha256:badca914580eb46385e7f7e4e426fea6de0a37b9e06bec252e481ae7ec287082",
                "sha256:d76a26c5118c4d96e264acc9e3242d72e1a2b92e739807b3b69d8d47684b6677"
            ],
            "markers": "python_version >= '3.8'",
            "version": "==1.22.2"
        },
        "pandas": {
            "hashes": [
                "sha256:0259cd11e7e6125aaea3af823b80444f3adad6149ff4c97fef760093598b3e34",
                "sha256:04dd15d9db538470900c851498e532ef28d4e56bfe72c9523acb32042de43dfb",
                "sha256:0b1a13f647e4209ed7dbb5da3497891d0045da9785327530ab696417ef478f84",
                "sha256:19f7c632436b1b4f84615c3b127bbd7bc603db95e3d4332ed259dc815c9aaa26",
                "sha256:1b384516dbb4e6aae30e3464c2e77c563da5980440fbdfbd0968e3942f8f9d70",
                "sha256:1d85d5f6be66dfd6d1d8d13b9535e342a2214260f1852654b19fa4d7b8d1218b",
                "sha256:2e5a7a1e0ecaac652326af627a3eca84886da9e667d68286866d4e33f6547caf",
                "sha256:3129a35d9dad1d80c234dd78f8f03141b914395d23f97cf92a366dcd19f8f8bf",
                "sha256:358b0bc98a5ff067132d23bf7a2242ee95db9ea5b7bbc401cf79205f11502fd3",
                "sha256:3dfb32ed50122fe8c5e7f2b8d97387edd742cc78f9ec36f007ee126cd3720907",
                "sha256:4e1176f45981c8ccc8161bc036916c004ca51037a7ed73f2d2a9857e6dbe654f",
                "sha256:508c99debccd15790d526ce6b1624b97a5e1e4ca5b871319fb0ebfd46b8f4dad",
                "sha256:6105af6533f8b63a43ea9f08a2ede04e8f43e49daef0209ab0d30352bcf08bee",
                "sha256:6d6ad1da00c7cc7d8dd1559a6ba59ba3973be6b15722d49738b2be0977eb8a0c",
                "sha256:7ea47ba1d6f359680130bd29af497333be6110de8f4c35b9211eec5a5a9630fa",
                "sha256:8db93ec98ac7cb5f8ac1420c10f5e3c43533153f253fe7fb6d891cf5aa2b80d2",
                "sha256:96e9ece5759f9b47ae43794b6359bbc54805d76e573b161ae770c1ea59393106",
                "sha256:bbb15ad79050e8b8d39ec40dd96a30cd09b886a2ae8848d0df1abba4d5502a67",
                "sha256:c614001129b2a5add5e3677c3a213a9e6fd376204cb8d17c04e84ff7dfc02a73",
                "sha256:e6a7bbbb7950063bfc942f8794bc3e31697c020a14f1cd8905fc1d28ec674a01",
                "sha256:f02e85e6d832be37d7f16cf6ac8bb26b519ace3e5f3235564a91c7f658ab2a43"
            ],
            "markers": "python_version >= '3.8'",
            "version": "==1.4.1"
        },
        "pillow": {
            "hashes": [
                "sha256:03b27b197deb4ee400ed57d8d4e572d2d8d80f825b6634daf6e2c18c3c6ccfa6",
                "sha256:0b281fcadbb688607ea6ece7649c5d59d4bbd574e90db6cd030e9e85bde9fecc",
                "sha256:0ebd8b9137630a7bbbff8c4b31e774ff05bbb90f7911d93ea2c9371e41039b52",
                "sha256:113723312215b25c22df1fdf0e2da7a3b9c357a7d24a93ebbe80bfda4f37a8d4",
                "sha256:2d16b6196fb7a54aff6b5e3ecd00f7c0bab1b56eee39214b2b223a9d938c50af",
                "sha256:2fd8053e1f8ff1844419842fd474fc359676b2e2a2b66b11cc59f4fa0a301315",
                "sha256:31b265496e603985fad54d52d11970383e317d11e18e856971bdbb86af7242a4",
                "sha256:3586e12d874ce2f1bc875a3ffba98732ebb12e18fb6d97be482bd62b56803281",
                "sha256:47f5cf60bcb9fbc46011f75c9b45a8b5ad077ca352a78185bd3e7f1d294b98bb",
                "sha256:490e52e99224858f154975db61c060686df8a6b3f0212a678e5d2e2ce24675c9",
                "sha256:500d397ddf4bbf2ca42e198399ac13e7841956c72645513e8ddf243b31ad2128",
                "sha256:52abae4c96b5da630a8b4247de5428f593465291e5b239f3f843a911a3cf0105",
                "sha256:6579f9ba84a3d4f1807c4aab4be06f373017fc65fff43498885ac50a9b47a553",
                "sha256:68e06f8b2248f6dc8b899c3e7ecf02c9f413aab622f4d6190df53a78b93d97a5",
                "sha256:6c5439bfb35a89cac50e81c751317faea647b9a3ec11c039900cd6915831064d",
                "sha256:72c3110228944019e5f27232296c5923398496b28be42535e3b2dc7297b6e8b6",
                "sha256:72f649d93d4cc4d8cf79c91ebc25137c358718ad75f99e99e043325ea7d56100",
                "sha256:7aaf07085c756f6cb1c692ee0d5a86c531703b6e8c9cae581b31b562c16b98ce",
                "sha256:80fe92813d208ce8aa7d76da878bdc84b90809f79ccbad2a288e9bcbeac1d9bd",
                "sha256:95545137fc56ce8c10de646074d242001a112a92de169986abd8c88c27566a05",
                "sha256:97b6d21771da41497b81652d44191489296555b761684f82b7b544c49989110f",
                "sha256:98cb63ca63cb61f594511c06218ab4394bf80388b3d66cd61d0b1f63ee0ea69f",
                "sha256:9f3b4522148586d35e78313db4db0df4b759ddd7649ef70002b6c3767d0fdeb7",
                "sha256:a09a9d4ec2b7887f7a088bbaacfd5c07160e746e3d47ec5e8050ae3b2a229e9f",
                "sha256:b5050d681bcf5c9f2570b93bee5d3ec8ae4cf23158812f91ed57f7126df91762",
                "sha256:bb47a548cea95b86494a26c89d153fd31122ed65255db5dcbc421a2d28eb3379",
                "sha256:bc462d24500ba707e9cbdef436c16e5c8cbf29908278af053008d9f689f56dee",
                "sha256:c2067b3bb0781f14059b112c9da5a91c80a600a97915b4f48b37f197895dd925",
                "sha256:d154ed971a4cc04b93a6d5b47f37948d1f621f25de3e8fa0c26b2d44f24e3e8f",
                "sha256:d5dcea1387331c905405b09cdbfb34611050cc52c865d71f2362f354faee1e9f",
                "sha256:ee6e2963e92762923956fe5d3479b1fdc3b76c83f290aad131a2f98c3df0593e",
                "sha256:fd0e5062f11cb3e730450a7d9f323f4051b532781026395c4323b8ad055523c4"
            ],
            "index": "pypi",
            "version": "==9.0.0"
        },
        "pyparsing": {
            "hashes": [
                "sha256:18ee9022775d270c55187733956460083db60b37d0d0fb357445f3094eed3eea",
                "sha256:a6c06a88f252e6c322f65faf8f418b16213b51bdfaece0524c1c1bc30c63c484"
            ],
            "markers": "python_version >= '3.6'",
            "version": "==3.0.7"
        },
        "pyproj": {
            "hashes": [
                "sha256:067a5c6099949edd66e9a10b139af4e2f65ebadb9f59583923a1d3feefac749a",
                "sha256:0e1fd560b509b722db6566fa9685252f25640e93464d09e13d5190ed7ab491ba",
                "sha256:235b52d8700ffb6be1f3638b1e25d83a9c13edcdb793236d8a98fd39227c5c27",
                "sha256:277072176a17471c0b1d25d6cae75401d81e9b50ea625ba546f5b79acd757dfc",
                "sha256:2c41c9b7b5e1a1b0acc2b7b2f5de65b226f7b96c870888e4f679ff96322b1ed0",
                "sha256:3d28b84913cd849832a8f154c0e0c2ee4618057f7389ee68bfdb2145e7ed78cc",
                "sha256:4125e6704751d0e82d8d912d9851da097e8d38599d4c45f9944faaeb21771938",
                "sha256:44b5590c0b8dd002154916e170ef88f57abf91005b34bcb23faef97abb4d42c2",
                "sha256:4d2fc49c73d9f34e932bf37926d56916ba1b6f2f693cd4d8cc1d0d9eacc0e537",
                "sha256:5a105bfe37c78416d2641cd5d3368c99057d041f15f8d51ea3898953b21395c9",
                "sha256:99f171da5f885efeec8d7fb2e2557175ffa8834eeb488842b1f52ac78a9a98e5",
                "sha256:ab4baf781721640659db83a6b4da636fc403008f4978c668275754284c946778",
                "sha256:b15e199c1da8fd132e11dfa68d8cf65d4812dedabc776b308df778ecd0d07658",
                "sha256:b48dd9e5736957707fce1d9253fb0772bcf80480198c7790e21fed73fee61240",
                "sha256:ce1adec823738e2d7c6af019fc38f58b4204bacfc782e4430373578c672f3833",
                "sha256:ce8bfbc212729e9a643f5f5d77f7a93394e032eda1e2d8799ae902d08add747e",
                "sha256:dbf479bd481774ad217e9db5674868eee8f01dfe3868f61753328895ae7da61a",
                "sha256:e70a1ea6f198cace1a492397bdd0a46e640201120973293d6c48031e370d6a87",
                "sha256:eca8ecf2b6b3225d93c723e6a2f51143d9195ac407f69e979363cdde344b93bb",
                "sha256:fcceb6736085bf19291b707bc67c8cebe05330bd02268e9b8eba6d28a1905fce"
            ],
            "markers": "python_version >= '3.8'",
            "version": "==3.3.0"
        },
        "python-dateutil": {
            "hashes": [
                "sha256:0123cacc1627ae19ddf3c27a5de5bd67ee4586fbdd6440d9748f8abb483d3e86",
                "sha256:961d03dc3453ebbc59dbdea9e4e11c5651520a876d0f4db161e8674aae935da9"
            ],
            "markers": "python_version >= '2.7' and python_version not in '3.0, 3.1, 3.2, 3.3'",
            "version": "==2.8.2"
        },
        "pytz": {
            "hashes": [
                "sha256:3672058bc3453457b622aab7a1c3bfd5ab0bdae451512f6cf25f64ed37f5b87c",
                "sha256:acad2d8b20a1af07d4e4c9d2e9285c5ed9104354062f275f3fcd88dcef4f1326"
            ],
            "version": "==2021.3"
        },
        "shapely": {
            "hashes": [
                "sha256:0e640d6da59172d679270f0dfd88128b6ae7c57df864a030dd858ff924c307fc",
                "sha256:13cbb959863cec32d48e2cffdc4bb81828bc3b0fa4256c9b2b32edac5021a0e4",
                "sha256:19b54cd840883fd71cce98fd94916d1731eed8a32c115eb082b3ed24e631be02",
                "sha256:1c5632cedea6d815b61eb4c264da1c3f24a8ce2ceba2f74e30fba340ca230563",
                "sha256:26b43b69dfeb8a8cb27aacf5597134baf12337845c2bacb01809540c20d3d904",
                "sha256:2c3cc87e66cbffd00ce0457c03969b64935752824bf43a1cd61f21cf606997d6",
                "sha256:4e8cdffeec6d0c47ed1eb215ec4e80c024ac05be6ded982061c1e1188034f22f",
                "sha256:622f62d2b2da81dd40841a56db0f78bcf9f9af7a83c7d5f5dc9bcb234aa650ba",
                "sha256:68bdf463f7a609fbed42bbded18fa74c82a5741251984a5597d070060f4286f4",
                "sha256:78b3a46dadd47c27e658d5e8d9006b4b1eb9b7ab947b450059225dcee799a18f",
                "sha256:796b15a483ac37c2dc757654186d0e064a42fb6f43cb9d1ff65d81cd0c92a84e",
                "sha256:7e1aebf4f1b2fbef40152fd531216387fcf6fe4ff2d777268381979b63c7c779",
                "sha256:83145eda2e582c2046d1ecc6a0d7dbfe97f492434311124f65ea60f4e87a6b65",
                "sha256:83d10f8b47a7568fc90063f72da62cda201dc92ecadf80cc00c015babc48e11f",
                "sha256:8917a91430126165cfa4bc2b4cf168121e37ff0c8657134e7398c597ca1fe934",
                "sha256:9b54ebd8fa4b78320f6d87032fe91363c7c1bf0f8d4a30eb93bca6413f787fd5",
                "sha256:bd84d993a0e8e07f5ebb4c67794d5392fdd23ce59a7ccc121900f2080f57989a",
                "sha256:cfb9d72d255af1a484e3859f4c9bb737950faf1d16c21d2b949ffc4ba5f46147",
                "sha256:d4ce1f18a0c9bb6b483c73bd7a0eb3a5e90676bcc29b9c27120236e662195c9d",
                "sha256:f304243b1f4d7bca9b3c9fdeec6565171e1b611fb4a3d6c93efc870c8a75958c",
                "sha256:f5307ee14ba4199f8bbcf6532ca33064661c1433960c432c84f0daa73b47ef9c"
            ],
            "markers": "python_version >= '3.6'",
            "version": "==1.8.0"
        },
        "six": {
            "hashes": [
                "sha256:1e61c37477a1626458e36f7b1d82aa5c9b094fa4802892072e49de9c60c4c926",
                "sha256:8abb2f1d86890a2dfb989f9a77cfcfd3e47c2a354b01111771326f8aa26e0254"
            ],
            "markers": "python_version >= '2.7' and python_version not in '3.0, 3.1, 3.2, 3.3'",
            "version": "==1.16.0"
        }
    },
    "develop": {}
}
